
Microsoft Visual Studio Solution File, Format Version 12.00
# Visual Studio Version 17
VisualStudioVersion = 17.9.34902.65
MinimumVisualStudioVersion = 10.0.40219.1
Project("{FAE04EC0-301F-11D3-BF4B-00C04F79EFBC}") = "SumUp", "SumUp\SumUp.csproj", "{7CCD4212-F915-4FA8-A469-E8E00158C322}"
EndProject
Project("{FAE04EC0-301F-11D3-BF4B-00C04F79EFBC}") = "Service_1", "Service_1\Service_1.csproj", "{4F93F8CA-4432-4593-87E2-091423715033}"
EndProject
Project("{FAE04EC0-301F-11D3-BF4B-00C04F79EFBC}") = "Service_2", "Service_2\Service_2.csproj", "{28CED3C3-5688-4403-8C7E-222B6AC9DC59}"
EndProject
Global
	GlobalSection(SolutionConfigurationPlatforms) = preSolution
		Debug|Any CPU = Debug|Any CPU
		Release|Any CPU = Release|Any CPU
	EndGlobalSection
	GlobalSection(ProjectConfigurationPlatforms) = postSolution
		{7CCD4212-F915-4FA8-A469-E8E00158C322}.Debug|Any CPU.ActiveCfg = Debug|Any CPU
		{7CCD4212-F915-4FA8-A469-E8E00158C322}.Debug|Any CPU.Build.0 = Debug|Any CPU
		{7CCD4212-F915-4FA8-A469-E8E00158C322}.Release|Any CPU.ActiveCfg = Release|Any CPU
		{7CCD4212-F915-4FA8-A469-E8E00158C322}.Release|Any CPU.Build.0 = Release|Any CPU
		{4F93F8CA-4432-4593-87E2-091423715033}.Debug|Any CPU.ActiveCfg = Debug|Any CPU
		{4F93F8CA-4432-4593-87E2-091423715033}.Debug|Any CPU.Build.0 = Debug|Any CPU
		{4F93F8CA-4432-4593-87E2-091423715033}.Release|Any CPU.ActiveCfg = Release|Any CPU
		{4F93F8CA-4432-4593-87E2-091423715033}.Release|Any CPU.Build.0 = Release|Any CPU
		{28CED3C3-5688-4403-8C7E-222B6AC9DC59}.Debug|Any CPU.ActiveCfg = Debug|Any CPU
		{28CED3C3-5688-4403-8C7E-222B6AC9DC59}.Debug|Any CPU.Build.0 = Debug|Any CPU
		{28CED3C3-5688-4403-8C7E-222B6AC9DC59}.Release|Any CPU.ActiveCfg = Release|Any CPU
		{28CED3C3-5688-4403-8C7E-222B6AC9DC59}.Release|Any CPU.Build.0 = Release|Any CPU
	EndGlobalSection
	GlobalSection(SolutionProperties) = preSolution
		HideSolutionNode = FALSE
	EndGlobalSection
	GlobalSection(ExtensibilityGlobals) = postSolution
		SolutionGuid = {BE8021D9-3A95-4438-8836-2023E333BCB9}
	EndGlobalSection
EndGlobal
