
Microsoft Visual Studio Solution File, Format Version 12.00
# Visual Studio Version 17
VisualStudioVersion = 17.9.34902.65
MinimumVisualStudioVersion = 10.0.40219.1
Project("{FAE04EC0-301F-11D3-BF4B-00C04F79EFBC}") = "Exercise_3a_Starter", "Exercise_3a_Starter.csproj", "{BFD1C02F-20CA-4C63-8BE4-9AF50C797B1F}"
EndProject
Global
	GlobalSection(SolutionConfigurationPlatforms) = preSolution
		Debug|Any CPU = Debug|Any CPU
		Release|Any CPU = Release|Any CPU
	EndGlobalSection
	GlobalSection(ProjectConfigurationPlatforms) = postSolution
		{BFD1C02F-20CA-4C63-8BE4-9AF50C797B1F}.Debug|Any CPU.ActiveCfg = Debug|Any CPU
		{BFD1C02F-20CA-4C63-8BE4-9AF50C797B1F}.Debug|Any CPU.Build.0 = Debug|Any CPU
		{BFD1C02F-20CA-4C63-8BE4-9AF50C797B1F}.Release|Any CPU.ActiveCfg = Release|Any CPU
		{BFD1C02F-20CA-4C63-8BE4-9AF50C797B1F}.Release|Any CPU.Build.0 = Release|Any CPU
	EndGlobalSection
	GlobalSection(SolutionProperties) = preSolution
		HideSolutionNode = FALSE
	EndGlobalSection
	GlobalSection(ExtensibilityGlobals) = postSolution
		SolutionGuid = {6ED5EAC1-9226-4BD8-8364-95F640D6C830}
	EndGlobalSection
EndGlobal
