
Microsoft Visual Studio Solution File, Format Version 12.00
# Visual Studio Version 17
VisualStudioVersion = 17.9.34902.65
MinimumVisualStudioVersion = 10.0.40219.1
Project("{9A19103F-16F7-4668-BE54-9A1E7A4F7556}") = "Exercise_3c_Starter", "Exercise_3c_Starter.csproj", "{86175678-D2D8-4F28-8304-A916755FAB56}"
EndProject
Global
	GlobalSection(SolutionConfigurationPlatforms) = preSolution
		Debug|Any CPU = Debug|Any CPU
		Release|Any CPU = Release|Any CPU
	EndGlobalSection
	GlobalSection(ProjectConfigurationPlatforms) = postSolution
		{86175678-D2D8-4F28-8304-A916755FAB56}.Debug|Any CPU.ActiveCfg = Debug|Any CPU
		{86175678-D2D8-4F28-8304-A916755FAB56}.Debug|Any CPU.Build.0 = Debug|Any CPU
		{86175678-D2D8-4F28-8304-A916755FAB56}.Release|Any CPU.ActiveCfg = Release|Any CPU
		{86175678-D2D8-4F28-8304-A916755FAB56}.Release|Any CPU.Build.0 = Release|Any CPU
	EndGlobalSection
	GlobalSection(SolutionProperties) = preSolution
		HideSolutionNode = FALSE
	EndGlobalSection
	GlobalSection(ExtensibilityGlobals) = postSolution
		SolutionGuid = {662BF2C6-E577-4705-86F5-158E56D55003}
	EndGlobalSection
EndGlobal
