
Microsoft Visual Studio Solution File, Format Version 12.00
# Visual Studio Version 17
VisualStudioVersion = 17.9.34902.65
MinimumVisualStudioVersion = 10.0.40219.1
Project("{FAE04EC0-301F-11D3-BF4B-00C04F79EFBC}") = "WpfCalculator", "WpfCalculator\WpfCalculator.csproj", "{0F564002-7441-4CCD-A6BC-2C2E10F9BE29}"
EndProject
Global
	GlobalSection(SolutionConfigurationPlatforms) = preSolution
		Debug|Any CPU = Debug|Any CPU
		Release|Any CPU = Release|Any CPU
	EndGlobalSection
	GlobalSection(ProjectConfigurationPlatforms) = postSolution
		{0F564002-7441-4CCD-A6BC-2C2E10F9BE29}.Debug|Any CPU.ActiveCfg = Debug|Any CPU
		{0F564002-7441-4CCD-A6BC-2C2E10F9BE29}.Debug|Any CPU.Build.0 = Debug|Any CPU
		{0F564002-7441-4CCD-A6BC-2C2E10F9BE29}.Release|Any CPU.ActiveCfg = Release|Any CPU
		{0F564002-7441-4CCD-A6BC-2C2E10F9BE29}.Release|Any CPU.Build.0 = Release|Any CPU
	EndGlobalSection
	GlobalSection(SolutionProperties) = preSolution
		HideSolutionNode = FALSE
	EndGlobalSection
	GlobalSection(ExtensibilityGlobals) = postSolution
		SolutionGuid = {057CF32E-7214-47F3-8EA6-501CDF1B9D39}
	EndGlobalSection
EndGlobal
